
Microsoft Visual Studio Solution File, Format Version 12.00
# Visual Studio Version 17
VisualStudioVersion = 17.7.34221.43
MinimumVisualStudioVersion = 10.0.40219.1
Project("{FAE04EC0-301F-11D3-BF4B-00C04F79EFBC}") = "ConsoleApp2", "ConsoleApp2\ConsoleApp2.csproj", "{1438C313-C4FF-45F2-9D75-8D8FB34888F1}"
EndProject
Global
	GlobalSection(SolutionConfigurationPlatforms) = preSolution
		Debug|Any CPU = Debug|Any CPU
		Release|Any CPU = Release|Any CPU
	EndGlobalSection
	GlobalSection(ProjectConfigurationPlatforms) = postSolution
		{1438C313-C4FF-45F2-9D75-8D8FB34888F1}.Debug|Any CPU.ActiveCfg = Debug|Any CPU
		{1438C313-C4FF-45F2-9D75-8D8FB34888F1}.Debug|Any CPU.Build.0 = Debug|Any CPU
		{1438C313-C4FF-45F2-9D75-8D8FB34888F1}.Release|Any CPU.ActiveCfg = Release|Any CPU
		{1438C313-C4FF-45F2-9D75-8D8FB34888F1}.Release|Any CPU.Build.0 = Release|Any CPU
	EndGlobalSection
	GlobalSection(SolutionProperties) = preSolution
		HideSolutionNode = FALSE
	EndGlobalSection
	GlobalSection(ExtensibilityGlobals) = postSolution
		SolutionGuid = {2D3A9269-071E-4391-8304-DF9EC9B12C13}
	EndGlobalSection
EndGlobal
